{
    "name": "react-diff-view",
    "lockfileVersion": 2,
    "requires": true,
    "packages": {
        "": {
            "dependencies": {
                "@obusk/npm-diff.app": "file:../..",
                "gitdiff-parser": "^0.2.2"
            }
        },
        "../..": {
            "name": "@obusk/npm-diff.app",
            "version": "0.0.1",
            "license": "ISC",
            "dependencies": {
                "@chakra-ui/icons": "^2.0.2",
                "@chakra-ui/react": "^2.2.1",
                "@emotion/react": "^11.9.3",
                "@emotion/styled": "^11.9.3",
                "downshift": "^6.1.7",
                "jest": "^28.1.1",
                "libnpmdiff": "^4.0.3",
                "next": "^12.1.6",
                "npm-package-arg": "^9.0.2",
                "pacote": "^13.6.0",
                "react": "^18.2.0",
                "react-diff-view": "^2.4.10",
                "react-dom": "^18.2.0",
                "react-icons": "^4.4.0",
                "react-use": "^17.4.0",
                "semver": "^7.3.7",
                "validate-npm-package-name": "^4.0.0"
            },
            "devDependencies": {
                "@testing-library/jest-dom": "^5.16.4",
                "@testing-library/react": "^13.3.0",
                "@types/jest": "^28.1.2",
                "@types/libnpmdiff": "^2.0.0",
                "@types/node": "^18.0.0",
                "@types/npm-package-arg": "^6.1.1",
                "@types/pacote": "^11.1.5",
                "@types/react": "^18.0.14",
                "@types/react-diff-view": "./types/react-diff-view",
                "@types/react-dom": "^18.0.5",
                "@types/semver": "^7.3.10",
                "@types/validate-npm-package-name": "./types/validate-npm-package-name",
                "eslint": "^8.18.0",
                "eslint-config-next": "^12.1.6",
                "eslint-config-prettier": "^8.5.0",
                "eslint-plugin-import": "^2.26.0",
                "eslint-plugin-jest": "^26.5.3",
                "eslint-plugin-prettier": "^4.0.0",
                "eslint-plugin-testing-library": "^5.5.1",
                "jest-environment-jsdom": "^28.1.1",
                "lint-staged": "^13.0.2",
                "prettier": "^2.7.1",
                "simple-git-hooks": "^2.8.0",
                "typescript": "4.7.4"
            },
            "engines": {
                "node": "16.x",
                "npm": "8.x"
            }
        },
        "node_modules/@obusk/npm-diff.app": {
            "resolved": "../..",
            "link": true
        },
        "node_modules/gitdiff-parser": {
            "version": "0.2.2",
            "resolved": "https://registry.npmjs.org/gitdiff-parser/-/gitdiff-parser-0.2.2.tgz",
            "integrity": "sha512-iUE5gWohbUm+hogg9c1Gg/pDoDyGlC15hTdsnW7AqZw9+F9mYAxfnMNDstFxuF+qjiZot2s+3L+K9CLdw1ttvA=="
        }
    },
    "dependencies": {
        "@obusk/npm-diff.app": {
            "version": "file:../..",
            "requires": {
                "@chakra-ui/icons": "^2.0.2",
                "@chakra-ui/react": "^2.2.1",
                "@emotion/react": "^11.9.3",
                "@emotion/styled": "^11.9.3",
                "@testing-library/jest-dom": "^5.16.4",
                "@testing-library/react": "^13.3.0",
                "@types/jest": "^28.1.2",
                "@types/libnpmdiff": "^2.0.0",
                "@types/node": "^18.0.0",
                "@types/npm-package-arg": "^6.1.1",
                "@types/pacote": "^11.1.5",
                "@types/react": "^18.0.14",
                "@types/react-diff-view": "./types/react-diff-view",
                "@types/react-dom": "^18.0.5",
                "@types/semver": "^7.3.10",
                "@types/validate-npm-package-name": "./types/validate-npm-package-name",
                "downshift": "^6.1.7",
                "eslint": "^8.18.0",
                "eslint-config-next": "^12.1.6",
                "eslint-config-prettier": "^8.5.0",
                "eslint-plugin-import": "^2.26.0",
                "eslint-plugin-jest": "^26.5.3",
                "eslint-plugin-prettier": "^4.0.0",
                "eslint-plugin-testing-library": "^5.5.1",
                "jest": "^28.1.1",
                "jest-environment-jsdom": "^28.1.1",
                "libnpmdiff": "^4.0.3",
                "lint-staged": "^13.0.2",
                "next": "^12.1.6",
                "npm-package-arg": "^9.0.2",
                "pacote": "^13.6.0",
                "prettier": "^2.7.1",
                "react": "^18.2.0",
                "react-diff-view": "^2.4.10",
                "react-dom": "^18.2.0",
                "react-icons": "^4.4.0",
                "react-use": "^17.4.0",
                "semver": "^7.3.7",
                "simple-git-hooks": "^2.8.0",
                "typescript": "4.7.4",
                "validate-npm-package-name": "^4.0.0"
            }
        },
        "gitdiff-parser": {
            "version": "0.2.2",
            "resolved": "https://registry.npmjs.org/gitdiff-parser/-/gitdiff-parser-0.2.2.tgz",
            "integrity": "sha512-iUE5gWohbUm+hogg9c1Gg/pDoDyGlC15hTdsnW7AqZw9+F9mYAxfnMNDstFxuF+qjiZot2s+3L+K9CLdw1ttvA=="
        }
    }
}
