{
    "name": "react-diff-view",
    "lockfileVersion": 2,
    "requires": true,
    "packages": {
        "": {
            "dependencies": {
                "gitdiff-parser": "^0.2.2"
            }
        },
        "node_modules/gitdiff-parser": {
            "version": "0.2.2",
            "resolved": "https://registry.npmjs.org/gitdiff-parser/-/gitdiff-parser-0.2.2.tgz",
            "integrity": "sha512-iUE5gWohbUm+hogg9c1Gg/pDoDyGlC15hTdsnW7AqZw9+F9mYAxfnMNDstFxuF+qjiZot2s+3L+K9CLdw1ttvA=="
        }
    },
    "dependencies": {
        "gitdiff-parser": {
            "version": "0.2.2",
            "resolved": "https://registry.npmjs.org/gitdiff-parser/-/gitdiff-parser-0.2.2.tgz",
            "integrity": "sha512-iUE5gWohbUm+hogg9c1Gg/pDoDyGlC15hTdsnW7AqZw9+F9mYAxfnMNDstFxuF+qjiZot2s+3L+K9CLdw1ttvA=="
        }
    }
}
